
Microsoft Visual Studio Solution File, Format Version 12.00
# Visual Studio Version 17
VisualStudioVersion = 17.0.31903.59
MinimumVisualStudioVersion = 10.0.40219.1
Project("{9A19103F-16F7-4668-BE54-9A1E7A4F7556}") = "ConnectionStringBuilder", "ConnectionStringBuilder\ConnectionStringBuilder.csproj", "{7A2555FD-E60B-4DB0-8CB6-B621F4AF3671}"
EndProject
Project("{FAE04EC0-301F-11D3-BF4B-00C04F79EFBC}") = "ConnectionStringBuilderTests", "ConnectionStringBuilderTests\ConnectionStringBuilderTests.csproj", "{86EFE4AE-3BA8-4639-8077-2D25AAEBA2BD}"
EndProject
Global
	GlobalSection(SolutionConfigurationPlatforms) = preSolution
		Debug|Any CPU = Debug|Any CPU
		Release|Any CPU = Release|Any CPU
	EndGlobalSection
	GlobalSection(ProjectConfigurationPlatforms) = postSolution
		{7A2555FD-E60B-4DB0-8CB6-B621F4AF3671}.Debug|Any CPU.ActiveCfg = Debug|Any CPU
		{7A2555FD-E60B-4DB0-8CB6-B621F4AF3671}.Debug|Any CPU.Build.0 = Debug|Any CPU
		{7A2555FD-E60B-4DB0-8CB6-B621F4AF3671}.Release|Any CPU.ActiveCfg = Release|Any CPU
		{7A2555FD-E60B-4DB0-8CB6-B621F4AF3671}.Release|Any CPU.Build.0 = Release|Any CPU
		{86EFE4AE-3BA8-4639-8077-2D25AAEBA2BD}.Debug|Any CPU.ActiveCfg = Debug|Any CPU
		{86EFE4AE-3BA8-4639-8077-2D25AAEBA2BD}.Debug|Any CPU.Build.0 = Debug|Any CPU
		{86EFE4AE-3BA8-4639-8077-2D25AAEBA2BD}.Release|Any CPU.ActiveCfg = Release|Any CPU
		{86EFE4AE-3BA8-4639-8077-2D25AAEBA2BD}.Release|Any CPU.Build.0 = Release|Any CPU
	EndGlobalSection
	GlobalSection(SolutionProperties) = preSolution
		HideSolutionNode = FALSE
	EndGlobalSection
	GlobalSection(ExtensibilityGlobals) = postSolution
		SolutionGuid = {61AF2B7F-12B2-40EA-8C83-43281F6AA7A7}
	EndGlobalSection
EndGlobal
